
Microsoft Visual Studio Solution File, Format Version 12.00
# Visual Studio Version 16
VisualStudioVersion = 16.0.31702.278
MinimumVisualStudioVersion = 10.0.40219.1
Project("{FAE04EC0-301F-11D3-BF4B-00C04F79EFBC}") = "Linq2DB.WebSample.AmbigiousIssue", "Linq2DB.WebSample.AmbigiousIssue\Linq2DB.WebSample.AmbigiousIssue.csproj", "{EA53F1C5-665D-409F-8543-05B0987F07AF}"
EndProject
Global
	GlobalSection(SolutionConfigurationPlatforms) = preSolution
		Debug|Any CPU = Debug|Any CPU
		Release|Any CPU = Release|Any CPU
	EndGlobalSection
	GlobalSection(ProjectConfigurationPlatforms) = postSolution
		{EA53F1C5-665D-409F-8543-05B0987F07AF}.Debug|Any CPU.ActiveCfg = Debug|Any CPU
		{EA53F1C5-665D-409F-8543-05B0987F07AF}.Debug|Any CPU.Build.0 = Debug|Any CPU
		{EA53F1C5-665D-409F-8543-05B0987F07AF}.Release|Any CPU.ActiveCfg = Release|Any CPU
		{EA53F1C5-665D-409F-8543-05B0987F07AF}.Release|Any CPU.Build.0 = Release|Any CPU
	EndGlobalSection
	GlobalSection(SolutionProperties) = preSolution
		HideSolutionNode = FALSE
	EndGlobalSection
	GlobalSection(ExtensibilityGlobals) = postSolution
		SolutionGuid = {D7CA9EF5-1F1C-4854-9FF3-5287F3A12B4B}
	EndGlobalSection
EndGlobal
